
Microsoft Visual Studio Solution File, Format Version 12.00
# Visual Studio Version 16
VisualStudioVersion = 16.0.32802.440
MinimumVisualStudioVersion = 10.0.40219.1
Project("{FAE04EC0-301F-11D3-BF4B-00C04F79EFBC}") = "StudentIntelisenceApi", "StudentIntelisenceApi\StudentIntelisenceApi.csproj", "{F48B77B7-CA95-4843-B990-4F88DE0586EA}"
EndProject
Global
	GlobalSection(SolutionConfigurationPlatforms) = preSolution
		Debug|Any CPU = Debug|Any CPU
		Release|Any CPU = Release|Any CPU
	EndGlobalSection
	GlobalSection(ProjectConfigurationPlatforms) = postSolution
		{F48B77B7-CA95-4843-B990-4F88DE0586EA}.Debug|Any CPU.ActiveCfg = Debug|Any CPU
		{F48B77B7-CA95-4843-B990-4F88DE0586EA}.Debug|Any CPU.Build.0 = Debug|Any CPU
		{F48B77B7-CA95-4843-B990-4F88DE0586EA}.Release|Any CPU.ActiveCfg = Release|Any CPU
		{F48B77B7-CA95-4843-B990-4F88DE0586EA}.Release|Any CPU.Build.0 = Release|Any CPU
	EndGlobalSection
	GlobalSection(SolutionProperties) = preSolution
		HideSolutionNode = FALSE
	EndGlobalSection
	GlobalSection(ExtensibilityGlobals) = postSolution
		SolutionGuid = {DC7D174D-C284-48B6-AC77-C393CC2BA726}
	EndGlobalSection
EndGlobal
